<?xml version="1.0" encoding="utf-8"?>
<Project ToolsVersion="4.0" xmlns="http://schemas.microsoft.com/developer/msbuild/2003">
  <ItemGroup>
    <Filter Include="EopGuiMaker">
      <UniqueIdentifier>{FEDCA243-6A92-1B39-F386-15105F3B123D}</UniqueIdentifier>
    </Filter>
    <Filter Include="EopGuiMaker\Creator">
      <UniqueIdentifier>{5DE611E1-C947-EFEE-52B5-35A1BE1526AE}</UniqueIdentifier>
    </Filter>
    <Filter Include="EopGuiMaker\Creator\Components">
      <UniqueIdentifier>{52F7EB3F-3E1D-B6A6-2763-3B721328DB72}</UniqueIdentifier>
    </Filter>
    <Filter Include="EopGuiMaker\Events">
      <UniqueIdentifier>{223F1A61-0E23-DBB6-7783-D5096386C538}</UniqueIdentifier>
    </Filter>
    <Filter Include="EopGuiMaker\ImGui">
      <UniqueIdentifier>{A898A8D4-14AF-A66A-5D26-328CC97B77F2}</UniqueIdentifier>
    </Filter>
    <Filter Include="EopGuiMaker\OpenGL">
      <UniqueIdentifier>{723C0178-5E20-C2CD-C780-BC20B383AC4F}</UniqueIdentifier>
    </Filter>
  </ItemGroup>
  <ItemGroup>
    <ClInclude Include="src\EopGuiMaker.h" />
    <ClInclude Include="src\EopGuiMaker\Application.h">
      <Filter>EopGuiMaker</Filter>
    </ClInclude>
    <ClInclude Include="src\EopGuiMaker\Core.h">
      <Filter>EopGuiMaker</Filter>
    </ClInclude>
    <ClInclude Include="src\EopGuiMaker\Creator\Components\Components.h">
      <Filter>EopGuiMaker\Creator\Components</Filter>
    </ClInclude>
    <ClInclude Include="src\EopGuiMaker\Creator\UserWindow.h">
      <Filter>EopGuiMaker\Creator</Filter>
    </ClInclude>
    <ClInclude Include="src\EopGuiMaker\EntryPoint.h">
      <Filter>EopGuiMaker</Filter>
    </ClInclude>
    <ClInclude Include="src\EopGuiMaker\Events\ApplicationEvent.h">
      <Filter>EopGuiMaker\Events</Filter>
    </ClInclude>
    <ClInclude Include="src\EopGuiMaker\Events\Event.h">
      <Filter>EopGuiMaker\Events</Filter>
    </ClInclude>
    <ClInclude Include="src\EopGuiMaker\Events\KeyEvent.h">
      <Filter>EopGuiMaker\Events</Filter>
    </ClInclude>
    <ClInclude Include="src\EopGuiMaker\Events\MouseEvent.h">
      <Filter>EopGuiMaker\Events</Filter>
    </ClInclude>
    <ClInclude Include="src\EopGuiMaker\ImGui\ImGuiLayer.h">
      <Filter>EopGuiMaker\ImGui</Filter>
    </ClInclude>
    <ClInclude Include="src\EopGuiMaker\Layer.h">
      <Filter>EopGuiMaker</Filter>
    </ClInclude>
    <ClInclude Include="src\EopGuiMaker\LayerStack.h">
      <Filter>EopGuiMaker</Filter>
    </ClInclude>
    <ClInclude Include="src\EopGuiMaker\Log.h">
      <Filter>EopGuiMaker</Filter>
    </ClInclude>
    <ClInclude Include="src\EopGuiMaker\OpenGL\imgui_impl_glfw.h">
      <Filter>EopGuiMaker\OpenGL</Filter>
    </ClInclude>
    <ClInclude Include="src\EopGuiMaker\OpenGL\imgui_impl_opengl3.h">
      <Filter>EopGuiMaker\OpenGL</Filter>
    </ClInclude>
    <ClInclude Include="src\EopGuiMaker\OpenGL\imgui_impl_opengl3_loader.h">
      <Filter>EopGuiMaker\OpenGL</Filter>
    </ClInclude>
    <ClInclude Include="src\EopGuiMaker\OpenGL\stb_image.h">
      <Filter>EopGuiMaker\OpenGL</Filter>
    </ClInclude>
    <ClInclude Include="src\EopGuiMaker\Window.h">
      <Filter>EopGuiMaker</Filter>
    </ClInclude>
    <ClInclude Include="src\gmpch.h" />
    <ClInclude Include="src\EopGuiMaker\ImGui\themeManager.h" />
    <ClInclude Include="src\EopGuiMaker\ImGui\toml.hpp" />
  </ItemGroup>
  <ItemGroup>
    <ClCompile Include="src\EopGuiMaker\Application.cpp">
      <Filter>EopGuiMaker</Filter>
    </ClCompile>
    <ClCompile Include="src\EopGuiMaker\Creator\UserWindow.cpp">
      <Filter>EopGuiMaker\Creator</Filter>
    </ClCompile>
    <ClCompile Include="src\EopGuiMaker\ImGui\ImGuiLayer.cpp">
      <Filter>EopGuiMaker\ImGui</Filter>
    </ClCompile>
    <ClCompile Include="src\EopGuiMaker\Layer.cpp">
      <Filter>EopGuiMaker</Filter>
    </ClCompile>
    <ClCompile Include="src\EopGuiMaker\LayerStack.cpp">
      <Filter>EopGuiMaker</Filter>
    </ClCompile>
    <ClCompile Include="src\EopGuiMaker\Log.cpp">
      <Filter>EopGuiMaker</Filter>
    </ClCompile>
    <ClCompile Include="src\EopGuiMaker\OpenGL\imgui_impl_glfw.cpp">
      <Filter>EopGuiMaker\OpenGL</Filter>
    </ClCompile>
    <ClCompile Include="src\EopGuiMaker\OpenGL\imgui_impl_opengl3.cpp">
      <Filter>EopGuiMaker\OpenGL</Filter>
    </ClCompile>
    <ClCompile Include="src\EopGuiMaker\Window.cpp">
      <Filter>EopGuiMaker</Filter>
    </ClCompile>
    <ClCompile Include="src\gmpch.cpp" />
    <ClCompile Include="src\EopGuiMaker\ImGui\themeManager.cpp" />
  </ItemGroup>
  <ItemGroup>
    <None Include="src\EopGuiMaker\OpenGL\vertex_shader.glsl" />
    <None Include="src\EopGuiMaker\OpenGL\fragment_shader.glsl" />
  </ItemGroup>
</Project>